name: vMeer Readonly SB Build System
on:
  workflow_dispatch:
    inputs:
      target_arch:
        description: 'Target Architecture'
        default: 'arm64'
        required: true

jobs:
  assemble-vmeer:
    runs-on: ubuntu-22.04
    steps:
      - name: Checkout Repository
        uses: actions/checkout@v4

      - name: Setup Environment
        run: |
          sudo apt update
          sudo apt install -y squashfs-tools erofs-utils simg2img wget curl tar xz-utils setools p7zip-full python3
          # Mengaktifkan emulasi multi-arsitektur untuk ekstraksi ARM64
          sudo apt install -y qemu-user-static
          sudo binfmt-support --start || true

      - name: Assemble Rootfs Structure
        run: |
          sudo bash << 'EOF'
          set -e
          mkdir -p merged_work final_rootfs

          # 1. Pull Base Redroid ARM64 murni 64-bit
          echo "Pulling Redroid ARM64 64-bit Only Docker image..."
          docker pull --platform linux/arm64 redroid/redroid:13.0.0_64only-latest
          
          # 2. Export rootfs
          echo "Exporting Docker container..."
          CID=$(docker create --platform linux/arm64 redroid/redroid:13.0.0_64only-latest)
          docker export $CID -o redroid-base.tar
          docker rm $CID
          
          # 3. Extract & Move
          echo "Extracting and Moving files..."
          tar xf redroid-base.tar -C merged_work/ --exclude=dev --exclude=proc --exclude=sys
          cp -a merged_work/* final_rootfs/
          
          # 4. Injeksi Blobs jika ada
          if [ -d "blobs/vendor" ]; then
            echo "Injecting Blobs..."
            mkdir -p final_rootfs/vendor
            cp -a blobs/vendor/* final_rootfs/vendor/
          fi

          # 5. Injeksi Init vMeer
          if [ -f "init.vmeer.rc" ]; then
            cp init.vmeer.rc final_rootfs/init.rc
          fi

          # 6. Tweak build.prop (Passthrough GPU Host & SkiaGL)
          BUILD_PROP_PATH="final_rootfs/system/etc/build.prop"
          [ ! -f "$BUILD_PROP_PATH" ] && BUILD_PROP_PATH="final_rootfs/system/build.prop"

          echo "Tweaking $BUILD_PROP_PATH"
          cat >> $BUILD_PROP_PATH <<EOT
          # vMeer Optimized Passthrough Properties
          vmeer.container.mode=1
          ro.config.low_ram=true
          ro.sf.lcd_density=160
          persist.sys.vmeer.bypass=1
          ro.hardware.egl=adreno
          ro.hardware.vulkan=adreno
          debug.hwui.renderer=skiagl
          ro.opengles.version=196610
          debug.sf.enable_hwc_vds=0
          persist.sys.usb.config=adb
          ro.debuggable=1
          EOT

          # 7. SELinux & Symlink Fix
          ln -sf /system/vendor final_rootfs/vendor
          if [ -f merged_work/file_contexts.bin ]; then
            cp merged_work/file_contexts.bin final_rootfs/
            setfiles -v -r final_rootfs/ final_rootfs/file_contexts.bin final_rootfs/ 2>/dev/null || true
          fi

          # 7.5. Runtime Framework Hard-Copy Fix (Diberikan pengaman deteksi file mandiri)
          echo "Injecting physical Java Framework jars into conventional system path..."
          mkdir -p final_rootfs/system/framework
          
          JAR_FILES=("core-oj.jar" "core-libart.jar" "ext.jar" "framework.jar" "services.jar")
          for jar in "${JAR_FILES[@]}"; do
            TARGET_JAR_PATH="final_rootfs/system/framework/$jar"
            REAL_JAR_PATH=$(find final_rootfs/apex/ -type f -name "$jar" -print -quit 2>/dev/null || true)
            
            if [ -n "$REAL_JAR_PATH" ] && [ -f "$REAL_JAR_PATH" ]; then
              if [ "$REAL_JAR_PATH" != "$TARGET_JAR_PATH" ]; then
                cp -f "$REAL_JAR_PATH" "$TARGET_JAR_PATH"
              fi
            else
              BACKUP_JAR_PATH=$(find final_rootfs/ -type f -name "$jar" -print -quit 2>/dev/null || true)
              if [ -n "$BACKUP_JAR_PATH" ] && [ -f "$BACKUP_JAR_PATH" ]; then
                # PERBAIKAN: Hanya lakukan copy jika file sumber berbeda dengan file target
                if [ "$BACKUP_JAR_PATH" != "$TARGET_JAR_PATH" ]; then
                  echo "Copying $jar from backup source: $BACKUP_JAR_PATH"
                  cp -f "$BACKUP_JAR_PATH" "$TARGET_JAR_PATH"
                else
                  echo "$jar sudah berada di posisi yang tepat. Melewati penyalinan mandiri."
                fi
              else
                echo "Warning: $jar tidak ditemukan sama sekali. Membuat file penanda kosong."
                touch "$TARGET_JAR_PATH"
              fi
            fi
          done

          # 8. Penegakan Hak Akses Sistem
          chown -R root:root final_rootfs/
          [ -d "final_rootfs/system/bin" ] && find final_rootfs/system/bin -type d -exec chmod 755 {} + || true
          [ -d "final_rootfs/system/etc" ] && find final_rootfs/system/etc -type d -exec chmod 755 {} + || true
          [ -d "final_rootfs/system/lib" ] && find final_rootfs/system/lib -type d -exec chmod 755 {} + || true
          [ -d "final_rootfs/system/lib64" ] && find final_rootfs/system/lib64 -type d -exec chmod 755 {} + || true
          [ -d "final_rootfs/system/framework" ] && find final_rootfs/system/framework -type d -exec chmod 755 {} + || true
          [ -d "final_rootfs/system/bin" ] && find final_rootfs/system/bin -type f -exec chmod 755 {} + || true
          chmod 644 $BUILD_PROP_PATH
          
          mkdir -p final_rootfs/data final_rootfs/dev final_rootfs/proc final_rootfs/sys
          EOF

      # 9. INTEGRASI METADATA GENERATOR (Membuat readonly.bin dan superblock.bin)
      - name: Generate Superblock Index and Flat ROM Archive
        run: |
          python3 - << 'EOF'
          import os
          import struct

          STRUCT_FORMAT = "<256sQQ"
          rootfs_dir = "final_rootfs"
          output_rom = "readonly.bin"
          output_sb = "superblock.bin"
          files_to_pack = []

          dirs_to_scan = ["system", "vendor"]

          print("=========================================================")
          print("[*] Memulai pemindaian rootfs untuk pembuatan Superblock...")
          
          for d in dirs_to_scan:
              target_path = os.path.join(rootfs_dir, d)
              if not os.path.exists(target_path):
                  continue
              for root, _, filenames in os.walk(target_path):
                  for filename in filenames:
                      full_path = os.path.join(root, filename)
                      if os.path.islink(full_path):
                          continue
                      
                      rel_path = os.path.relpath(full_path, rootfs_dir)
                      virtual_path = "/" + rel_path.replace("\\", "/")
                      files_to_pack.append((full_path, virtual_path))

          print(f"[*] Menemukan {len(files_to_pack)} berkas unik. Mulai menulis arsip biner...")
          
          current_offset = 0
          with open(output_rom, "wb") as rom_file, open(output_sb, "wb") as sb_file:
              for full_path, virtual_path in files_to_pack:
                  try:
                      file_size = os.path.getsize(full_path)
                      with open(full_path, "rb") as f:
                          rom_file.write(f.read())
                      
                      encoded_path = virtual_path.encode('utf-8')[:255]
                      padded_path = encoded_path.ljust(256, b'\x00')
                      sb_entry = struct.pack(STRUCT_FORMAT, padded_path, current_offset, file_size)
                      sb_file.write(sb_entry)
                      current_offset += file_size
                  except Exception as e:
                      print(f"[!] Gagal mengemas berkas {virtual_path}: {e}")

          print("[+] Sukses merakit biner datar.")
          print("=========================================================")
          EOF

      # 10. KOMPRESI ULTRA 7-ZIP (Adopsi Profesional vPhoneOS)
      - name: Compress ROM Package with 7-Zip (Ultra LZMA2)
        run: |
          echo "[*] Mengompresi database ROM vMeer ke format 7z..."
          7z a -t7z -m0=lzma2 -mx=9 -ms=on readonly.7z readonly.bin superblock.bin
          echo "[+] Kompresi selesai. File readonly.7z siap dikemas dalam assets!"

      - name: Upload Artifacts
        uses: actions/upload-artifact@v4
        with:
          name: vMeer-7z-ROM-Metadata-${{ github.event.inputs.target_arch }}
          path: readonly.7z
